
Microsoft Visual Studio Solution File, Format Version 12.00
# Visual Studio Version 17
VisualStudioVersion = 17.1.32210.238
MinimumVisualStudioVersion = 10.0.40219.1
Project("{FAE04EC0-301F-11D3-BF4B-00C04F79EFBC}") = "Cat project", "Cat project\Cat project.csproj", "{F645211D-80DA-4FE2-A5FB-E6F8CA2BD409}"
EndProject
Global
	GlobalSection(SolutionConfigurationPlatforms) = preSolution
		Debug|Any CPU = Debug|Any CPU
		Release|Any CPU = Release|Any CPU
	EndGlobalSection
	GlobalSection(ProjectConfigurationPlatforms) = postSolution
		{F645211D-80DA-4FE2-A5FB-E6F8CA2BD409}.Debug|Any CPU.ActiveCfg = Debug|Any CPU
		{F645211D-80DA-4FE2-A5FB-E6F8CA2BD409}.Debug|Any CPU.Build.0 = Debug|Any CPU
		{F645211D-80DA-4FE2-A5FB-E6F8CA2BD409}.Release|Any CPU.ActiveCfg = Release|Any CPU
		{F645211D-80DA-4FE2-A5FB-E6F8CA2BD409}.Release|Any CPU.Build.0 = Release|Any CPU
	EndGlobalSection
	GlobalSection(SolutionProperties) = preSolution
		HideSolutionNode = FALSE
	EndGlobalSection
	GlobalSection(ExtensibilityGlobals) = postSolution
		SolutionGuid = {E548D9D1-F5B1-43B5-983C-F8F50C56F8F4}
	EndGlobalSection
EndGlobal
